Microsoft Visual Studio Solution File, Format Version 12.00
# Visual Studio Version 17
VisualStudioVersion = 17.5.2.0
MinimumVisualStudioVersion = 10.0.40219.1
Project("{FAE04EC0-301F-11D3-BF4B-00C04F79EFBC}") = "SmartCareAI.Infrastructure", "SmartCareAI.Infrastructure.csproj", "{84CAEFBA-8A60-556B-56B3-E9527D1DF147}"
EndProject
Global
	GlobalSection(SolutionConfigurationPlatforms) = preSolution
		Debug|Any CPU = Debug|Any CPU
		Release|Any CPU = Release|Any CPU
	EndGlobalSection
	GlobalSection(ProjectConfigurationPlatforms) = postSolution
		{84CAEFBA-8A60-556B-56B3-E9527D1DF147}.Debug|Any CPU.ActiveCfg = Debug|Any CPU
		{84CAEFBA-8A60-556B-56B3-E9527D1DF147}.Debug|Any CPU.Build.0 = Debug|Any CPU
		{84CAEFBA-8A60-556B-56B3-E9527D1DF147}.Release|Any CPU.ActiveCfg = Release|Any CPU
		{84CAEFBA-8A60-556B-56B3-E9527D1DF147}.Release|Any CPU.Build.0 = Release|Any CPU
	EndGlobalSection
	GlobalSection(SolutionProperties) = preSolution
		HideSolutionNode = FALSE
	EndGlobalSection
	GlobalSection(ExtensibilityGlobals) = postSolution
		SolutionGuid = {CC390A8F-5E56-4F6E-ADA5-6B304EC6182C}
	EndGlobalSection
EndGlobal
